
Microsoft Visual Studio Solution File, Format Version 12.00
# Visual Studio 14
VisualStudioVersion = 14.0.25123.0
MinimumVisualStudioVersion = 10.0.40219.1
Project("{FAE04EC0-301F-11D3-BF4B-00C04F79EFBC}") = "WinIOTPortExpando", "WinIOTPortExpando\WinIOTPortExpando.csproj", "{6C7FA23C-2956-4C4E-9406-5979C8FB8448}"
EndProject
Project("{FAE04EC0-301F-11D3-BF4B-00C04F79EFBC}") = "Example595N", "Example595N\Example595N.csproj", "{CD374FD6-D884-4258-B141-8E2E25B90535}"
EndProject
Project("{FAE04EC0-301F-11D3-BF4B-00C04F79EFBC}") = "Example165N", "Example165N\Example165N.csproj", "{BAE13C82-FC75-4109-8102-E0E932E27F97}"
EndProject
Project("{FAE04EC0-301F-11D3-BF4B-00C04F79EFBC}") = "Example165Nand595N", "Example165Nand595N\Example165Nand595N.csproj", "{F20D362B-62ED-495B-A204-84E71AEAF5DF}"
EndProject
Project("{FAE04EC0-301F-11D3-BF4B-00C04F79EFBC}") = "ExampleMCP23017LEDsOut", "MCP23017LEDsOut\ExampleMCP23017LEDsOut.csproj", "{C373E793-99C7-48A8-AD16-037049D5871E}"
EndProject
Project("{FAE04EC0-301F-11D3-BF4B-00C04F79EFBC}") = "ExampleMCP23017InAndOut", "MCP23017InAndOut\ExampleMCP23017InAndOut.csproj", "{608185A2-B760-4DBF-ABFE-6A4ED0CCFF8A}"
EndProject
Project("{FAE04EC0-301F-11D3-BF4B-00C04F79EFBC}") = "ExampleMCP23008LEDsOut", "MCP23008LEDsOut\ExampleMCP23008LEDsOut.csproj", "{26DEEC51-1D01-435D-BBC9-436D1880F595}"
EndProject
Global
	GlobalSection(SolutionConfigurationPlatforms) = preSolution
		Debug|Any CPU = Debug|Any CPU
		Debug|ARM = Debug|ARM
		Debug|x64 = Debug|x64
		Debug|x86 = Debug|x86
		Release|Any CPU = Release|Any CPU
		Release|ARM = Release|ARM
		Release|x64 = Release|x64
		Release|x86 = Release|x86
	EndGlobalSection
	GlobalSection(ProjectConfigurationPlatforms) = postSolution
		{6C7FA23C-2956-4C4E-9406-5979C8FB8448}.Debug|Any CPU.ActiveCfg = Debug|Any CPU
		{6C7FA23C-2956-4C4E-9406-5979C8FB8448}.Debug|Any CPU.Build.0 = Debug|Any CPU
		{6C7FA23C-2956-4C4E-9406-5979C8FB8448}.Debug|ARM.ActiveCfg = Debug|ARM
		{6C7FA23C-2956-4C4E-9406-5979C8FB8448}.Debug|ARM.Build.0 = Debug|ARM
		{6C7FA23C-2956-4C4E-9406-5979C8FB8448}.Debug|x64.ActiveCfg = Debug|x64
		{6C7FA23C-2956-4C4E-9406-5979C8FB8448}.Debug|x64.Build.0 = Debug|x64
		{6C7FA23C-2956-4C4E-9406-5979C8FB8448}.Debug|x86.ActiveCfg = Debug|x86
		{6C7FA23C-2956-4C4E-9406-5979C8FB8448}.Debug|x86.Build.0 = Debug|x86
		{6C7FA23C-2956-4C4E-9406-5979C8FB8448}.Release|Any CPU.ActiveCfg = Release|Any CPU
		{6C7FA23C-2956-4C4E-9406-5979C8FB8448}.Release|Any CPU.Build.0 = Release|Any CPU
		{6C7FA23C-2956-4C4E-9406-5979C8FB8448}.Release|ARM.ActiveCfg = Release|ARM
		{6C7FA23C-2956-4C4E-9406-5979C8FB8448}.Release|ARM.Build.0 = Release|ARM
		{6C7FA23C-2956-4C4E-9406-5979C8FB8448}.Release|x64.ActiveCfg = Release|x64
		{6C7FA23C-2956-4C4E-9406-5979C8FB8448}.Release|x64.Build.0 = Release|x64
		{6C7FA23C-2956-4C4E-9406-5979C8FB8448}.Release|x86.ActiveCfg = Release|x86
		{6C7FA23C-2956-4C4E-9406-5979C8FB8448}.Release|x86.Build.0 = Release|x86
		{CD374FD6-D884-4258-B141-8E2E25B90535}.Debug|Any CPU.ActiveCfg = Debug|x86
		{CD374FD6-D884-4258-B141-8E2E25B90535}.Debug|ARM.ActiveCfg = Debug|ARM
		{CD374FD6-D884-4258-B141-8E2E25B90535}.Debug|ARM.Build.0 = Debug|ARM
		{CD374FD6-D884-4258-B141-8E2E25B90535}.Debug|ARM.Deploy.0 = Debug|ARM
		{CD374FD6-D884-4258-B141-8E2E25B90535}.Debug|x64.ActiveCfg = Debug|x64
		{CD374FD6-D884-4258-B141-8E2E25B90535}.Debug|x64.Build.0 = Debug|x64
		{CD374FD6-D884-4258-B141-8E2E25B90535}.Debug|x64.Deploy.0 = Debug|x64
		{CD374FD6-D884-4258-B141-8E2E25B90535}.Debug|x86.ActiveCfg = Debug|x86
		{CD374FD6-D884-4258-B141-8E2E25B90535}.Debug|x86.Build.0 = Debug|x86
		{CD374FD6-D884-4258-B141-8E2E25B90535}.Debug|x86.Deploy.0 = Debug|x86
		{CD374FD6-D884-4258-B141-8E2E25B90535}.Release|Any CPU.ActiveCfg = Release|x86
		{CD374FD6-D884-4258-B141-8E2E25B90535}.Release|ARM.ActiveCfg = Release|ARM
		{CD374FD6-D884-4258-B141-8E2E25B90535}.Release|ARM.Build.0 = Release|ARM
		{CD374FD6-D884-4258-B141-8E2E25B90535}.Release|ARM.Deploy.0 = Release|ARM
		{CD374FD6-D884-4258-B141-8E2E25B90535}.Release|x64.ActiveCfg = Release|x64
		{CD374FD6-D884-4258-B141-8E2E25B90535}.Release|x64.Build.0 = Release|x64
		{CD374FD6-D884-4258-B141-8E2E25B90535}.Release|x64.Deploy.0 = Release|x64
		{CD374FD6-D884-4258-B141-8E2E25B90535}.Release|x86.ActiveCfg = Release|x86
		{CD374FD6-D884-4258-B141-8E2E25B90535}.Release|x86.Build.0 = Release|x86
		{CD374FD6-D884-4258-B141-8E2E25B90535}.Release|x86.Deploy.0 = Release|x86
		{BAE13C82-FC75-4109-8102-E0E932E27F97}.Debug|Any CPU.ActiveCfg = Debug|x86
		{BAE13C82-FC75-4109-8102-E0E932E27F97}.Debug|ARM.ActiveCfg = Debug|ARM
		{BAE13C82-FC75-4109-8102-E0E932E27F97}.Debug|ARM.Build.0 = Debug|ARM
		{BAE13C82-FC75-4109-8102-E0E932E27F97}.Debug|ARM.Deploy.0 = Debug|ARM
		{BAE13C82-FC75-4109-8102-E0E932E27F97}.Debug|x64.ActiveCfg = Debug|x64
		{BAE13C82-FC75-4109-8102-E0E932E27F97}.Debug|x64.Build.0 = Debug|x64
		{BAE13C82-FC75-4109-8102-E0E932E27F97}.Debug|x64.Deploy.0 = Debug|x64
		{BAE13C82-FC75-4109-8102-E0E932E27F97}.Debug|x86.ActiveCfg = Debug|x86
		{BAE13C82-FC75-4109-8102-E0E932E27F97}.Debug|x86.Build.0 = Debug|x86
		{BAE13C82-FC75-4109-8102-E0E932E27F97}.Debug|x86.Deploy.0 = Debug|x86
		{BAE13C82-FC75-4109-8102-E0E932E27F97}.Release|Any CPU.ActiveCfg = Release|x86
		{BAE13C82-FC75-4109-8102-E0E932E27F97}.Release|ARM.ActiveCfg = Release|ARM
		{BAE13C82-FC75-4109-8102-E0E932E27F97}.Release|ARM.Build.0 = Release|ARM
		{BAE13C82-FC75-4109-8102-E0E932E27F97}.Release|ARM.Deploy.0 = Release|ARM
		{BAE13C82-FC75-4109-8102-E0E932E27F97}.Release|x64.ActiveCfg = Release|x64
		{BAE13C82-FC75-4109-8102-E0E932E27F97}.Release|x64.Build.0 = Release|x64
		{BAE13C82-FC75-4109-8102-E0E932E27F97}.Release|x64.Deploy.0 = Release|x64
		{BAE13C82-FC75-4109-8102-E0E932E27F97}.Release|x86.ActiveCfg = Release|x86
		{BAE13C82-FC75-4109-8102-E0E932E27F97}.Release|x86.Build.0 = Release|x86
		{BAE13C82-FC75-4109-8102-E0E932E27F97}.Release|x86.Deploy.0 = Release|x86
		{F20D362B-62ED-495B-A204-84E71AEAF5DF}.Debug|Any CPU.ActiveCfg = Debug|x86
		{F20D362B-62ED-495B-A204-84E71AEAF5DF}.Debug|ARM.ActiveCfg = Debug|ARM
		{F20D362B-62ED-495B-A204-84E71AEAF5DF}.Debug|ARM.Build.0 = Debug|ARM
		{F20D362B-62ED-495B-A204-84E71AEAF5DF}.Debug|ARM.Deploy.0 = Debug|ARM
		{F20D362B-62ED-495B-A204-84E71AEAF5DF}.Debug|x64.ActiveCfg = Debug|x64
		{F20D362B-62ED-495B-A204-84E71AEAF5DF}.Debug|x64.Build.0 = Debug|x64
		{F20D362B-62ED-495B-A204-84E71AEAF5DF}.Debug|x64.Deploy.0 = Debug|x64
		{F20D362B-62ED-495B-A204-84E71AEAF5DF}.Debug|x86.ActiveCfg = Debug|x86
		{F20D362B-62ED-495B-A204-84E71AEAF5DF}.Debug|x86.Build.0 = Debug|x86
		{F20D362B-62ED-495B-A204-84E71AEAF5DF}.Debug|x86.Deploy.0 = Debug|x86
		{F20D362B-62ED-495B-A204-84E71AEAF5DF}.Release|Any CPU.ActiveCfg = Release|x86
		{F20D362B-62ED-495B-A204-84E71AEAF5DF}.Release|ARM.ActiveCfg = Release|ARM
		{F20D362B-62ED-495B-A204-84E71AEAF5DF}.Release|ARM.Build.0 = Release|ARM
		{F20D362B-62ED-495B-A204-84E71AEAF5DF}.Release|ARM.Deploy.0 = Release|ARM
		{F20D362B-62ED-495B-A204-84E71AEAF5DF}.Release|x64.ActiveCfg = Release|x64
		{F20D362B-62ED-495B-A204-84E71AEAF5DF}.Release|x64.Build.0 = Release|x64
		{F20D362B-62ED-495B-A204-84E71AEAF5DF}.Release|x64.Deploy.0 = Release|x64
		{F20D362B-62ED-495B-A204-84E71AEAF5DF}.Release|x86.ActiveCfg = Release|x86
		{F20D362B-62ED-495B-A204-84E71AEAF5DF}.Release|x86.Build.0 = Release|x86
		{F20D362B-62ED-495B-A204-84E71AEAF5DF}.Release|x86.Deploy.0 = Release|x86
		{C373E793-99C7-48A8-AD16-037049D5871E}.Debug|Any CPU.ActiveCfg = Debug|x86
		{C373E793-99C7-48A8-AD16-037049D5871E}.Debug|ARM.ActiveCfg = Debug|ARM
		{C373E793-99C7-48A8-AD16-037049D5871E}.Debug|ARM.Build.0 = Debug|ARM
		{C373E793-99C7-48A8-AD16-037049D5871E}.Debug|ARM.Deploy.0 = Debug|ARM
		{C373E793-99C7-48A8-AD16-037049D5871E}.Debug|x64.ActiveCfg = Debug|x64
		{C373E793-99C7-48A8-AD16-037049D5871E}.Debug|x64.Build.0 = Debug|x64
		{C373E793-99C7-48A8-AD16-037049D5871E}.Debug|x64.Deploy.0 = Debug|x64
		{C373E793-99C7-48A8-AD16-037049D5871E}.Debug|x86.ActiveCfg = Debug|x86
		{C373E793-99C7-48A8-AD16-037049D5871E}.Debug|x86.Build.0 = Debug|x86
		{C373E793-99C7-48A8-AD16-037049D5871E}.Debug|x86.Deploy.0 = Debug|x86
		{C373E793-99C7-48A8-AD16-037049D5871E}.Release|Any CPU.ActiveCfg = Release|x86
		{C373E793-99C7-48A8-AD16-037049D5871E}.Release|ARM.ActiveCfg = Release|ARM
		{C373E793-99C7-48A8-AD16-037049D5871E}.Release|ARM.Build.0 = Release|ARM
		{C373E793-99C7-48A8-AD16-037049D5871E}.Release|ARM.Deploy.0 = Release|ARM
		{C373E793-99C7-48A8-AD16-037049D5871E}.Release|x64.ActiveCfg = Release|x64
		{C373E793-99C7-48A8-AD16-037049D5871E}.Release|x64.Build.0 = Release|x64
		{C373E793-99C7-48A8-AD16-037049D5871E}.Release|x64.Deploy.0 = Release|x64
		{C373E793-99C7-48A8-AD16-037049D5871E}.Release|x86.ActiveCfg = Release|x86
		{C373E793-99C7-48A8-AD16-037049D5871E}.Release|x86.Build.0 = Release|x86
		{C373E793-99C7-48A8-AD16-037049D5871E}.Release|x86.Deploy.0 = Release|x86
		{608185A2-B760-4DBF-ABFE-6A4ED0CCFF8A}.Debug|Any CPU.ActiveCfg = Debug|x86
		{608185A2-B760-4DBF-ABFE-6A4ED0CCFF8A}.Debug|ARM.ActiveCfg = Debug|ARM
		{608185A2-B760-4DBF-ABFE-6A4ED0CCFF8A}.Debug|ARM.Build.0 = Debug|ARM
		{608185A2-B760-4DBF-ABFE-6A4ED0CCFF8A}.Debug|ARM.Deploy.0 = Debug|ARM
		{608185A2-B760-4DBF-ABFE-6A4ED0CCFF8A}.Debug|x64.ActiveCfg = Debug|x64
		{608185A2-B760-4DBF-ABFE-6A4ED0CCFF8A}.Debug|x64.Build.0 = Debug|x64
		{608185A2-B760-4DBF-ABFE-6A4ED0CCFF8A}.Debug|x64.Deploy.0 = Debug|x64
		{608185A2-B760-4DBF-ABFE-6A4ED0CCFF8A}.Debug|x86.ActiveCfg = Debug|x86
		{608185A2-B760-4DBF-ABFE-6A4ED0CCFF8A}.Debug|x86.Build.0 = Debug|x86
		{608185A2-B760-4DBF-ABFE-6A4ED0CCFF8A}.Debug|x86.Deploy.0 = Debug|x86
		{608185A2-B760-4DBF-ABFE-6A4ED0CCFF8A}.Release|Any CPU.ActiveCfg = Release|x86
		{608185A2-B760-4DBF-ABFE-6A4ED0CCFF8A}.Release|ARM.ActiveCfg = Release|ARM
		{608185A2-B760-4DBF-ABFE-6A4ED0CCFF8A}.Release|ARM.Build.0 = Release|ARM
		{608185A2-B760-4DBF-ABFE-6A4ED0CCFF8A}.Release|ARM.Deploy.0 = Release|ARM
		{608185A2-B760-4DBF-ABFE-6A4ED0CCFF8A}.Release|x64.ActiveCfg = Release|x64
		{608185A2-B760-4DBF-ABFE-6A4ED0CCFF8A}.Release|x64.Build.0 = Release|x64
		{608185A2-B760-4DBF-ABFE-6A4ED0CCFF8A}.Release|x64.Deploy.0 = Release|x64
		{608185A2-B760-4DBF-ABFE-6A4ED0CCFF8A}.Release|x86.ActiveCfg = Release|x86
		{608185A2-B760-4DBF-ABFE-6A4ED0CCFF8A}.Release|x86.Build.0 = Release|x86
		{608185A2-B760-4DBF-ABFE-6A4ED0CCFF8A}.Release|x86.Deploy.0 = Release|x86
		{26DEEC51-1D01-435D-BBC9-436D1880F595}.Debug|Any CPU.ActiveCfg = Debug|x86
		{26DEEC51-1D01-435D-BBC9-436D1880F595}.Debug|ARM.ActiveCfg = Debug|ARM
		{26DEEC51-1D01-435D-BBC9-436D1880F595}.Debug|ARM.Build.0 = Debug|ARM
		{26DEEC51-1D01-435D-BBC9-436D1880F595}.Debug|ARM.Deploy.0 = Debug|ARM
		{26DEEC51-1D01-435D-BBC9-436D1880F595}.Debug|x64.ActiveCfg = Debug|x64
		{26DEEC51-1D01-435D-BBC9-436D1880F595}.Debug|x64.Build.0 = Debug|x64
		{26DEEC51-1D01-435D-BBC9-436D1880F595}.Debug|x64.Deploy.0 = Debug|x64
		{26DEEC51-1D01-435D-BBC9-436D1880F595}.Debug|x86.ActiveCfg = Debug|x86
		{26DEEC51-1D01-435D-BBC9-436D1880F595}.Debug|x86.Build.0 = Debug|x86
		{26DEEC51-1D01-435D-BBC9-436D1880F595}.Debug|x86.Deploy.0 = Debug|x86
		{26DEEC51-1D01-435D-BBC9-436D1880F595}.Release|Any CPU.ActiveCfg = Release|x86
		{26DEEC51-1D01-435D-BBC9-436D1880F595}.Release|ARM.ActiveCfg = Release|ARM
		{26DEEC51-1D01-435D-BBC9-436D1880F595}.Release|ARM.Build.0 = Release|ARM
		{26DEEC51-1D01-435D-BBC9-436D1880F595}.Release|ARM.Deploy.0 = Release|ARM
		{26DEEC51-1D01-435D-BBC9-436D1880F595}.Release|x64.ActiveCfg = Release|x64
		{26DEEC51-1D01-435D-BBC9-436D1880F595}.Release|x64.Build.0 = Release|x64
		{26DEEC51-1D01-435D-BBC9-436D1880F595}.Release|x64.Deploy.0 = Release|x64
		{26DEEC51-1D01-435D-BBC9-436D1880F595}.Release|x86.ActiveCfg = Release|x86
		{26DEEC51-1D01-435D-BBC9-436D1880F595}.Release|x86.Build.0 = Release|x86
		{26DEEC51-1D01-435D-BBC9-436D1880F595}.Release|x86.Deploy.0 = Release|x86
	EndGlobalSection
	GlobalSection(SolutionProperties) = preSolution
		HideSolutionNode = FALSE
	EndGlobalSection
EndGlobal
